
Microsoft Visual Studio Solution File, Format Version 12.00
# Visual Studio 15
VisualStudioVersion = 15.0.28307.271
MinimumVisualStudioVersion = 10.0.40219.1
Project("{888888A0-9F3D-457C-B088-3A5042F75D52}") = "KicomBasic", "KicomBasic\KicomBasic.pyproj", "{B4F15150-5403-4401-BAF6-2878C5364D60}"
EndProject
Global
	GlobalSection(SolutionConfigurationPlatforms) = preSolution
		Debug|Any CPU = Debug|Any CPU
		Release|Any CPU = Release|Any CPU
	EndGlobalSection
	GlobalSection(ProjectConfigurationPlatforms) = postSolution
		{B4F15150-5403-4401-BAF6-2878C5364D60}.Debug|Any CPU.ActiveCfg = Debug|Any CPU
		{B4F15150-5403-4401-BAF6-2878C5364D60}.Release|Any CPU.ActiveCfg = Release|Any CPU
	EndGlobalSection
	GlobalSection(SolutionProperties) = preSolution
		HideSolutionNode = FALSE
	EndGlobalSection
	GlobalSection(ExtensibilityGlobals) = postSolution
		SolutionGuid = {0111C428-1550-4256-B3EF-1DDB6AF792AE}
	EndGlobalSection
EndGlobal
